
Microsoft Visual Studio Solution File, Format Version 12.00
# Visual Studio Version 17
VisualStudioVersion = 17.1.32228.430
MinimumVisualStudioVersion = 10.0.40219.1
Project("{FAE04EC0-301F-11D3-BF4B-00C04F79EFBC}") = "Practical", "Practical\Practical.csproj", "{63CF6F93-16B6-4B94-AFB4-1F4C4D3277AD}"
EndProject
Global
	GlobalSection(SolutionConfigurationPlatforms) = preSolution
		Debug|Any CPU = Debug|Any CPU
		Release|Any CPU = Release|Any CPU
	EndGlobalSection
	GlobalSection(ProjectConfigurationPlatforms) = postSolution
		{63CF6F93-16B6-4B94-AFB4-1F4C4D3277AD}.Debug|Any CPU.ActiveCfg = Debug|Any CPU
		{63CF6F93-16B6-4B94-AFB4-1F4C4D3277AD}.Debug|Any CPU.Build.0 = Debug|Any CPU
		{63CF6F93-16B6-4B94-AFB4-1F4C4D3277AD}.Release|Any CPU.ActiveCfg = Release|Any CPU
		{63CF6F93-16B6-4B94-AFB4-1F4C4D3277AD}.Release|Any CPU.Build.0 = Release|Any CPU
	EndGlobalSection
	GlobalSection(SolutionProperties) = preSolution
		HideSolutionNode = FALSE
	EndGlobalSection
	GlobalSection(ExtensibilityGlobals) = postSolution
		SolutionGuid = {50A6BD9C-A4A1-44BC-8CFD-46E0093EB19E}
	EndGlobalSection
EndGlobal
